
Microsoft Visual Studio Solution File, Format Version 12.00
# Visual Studio 15
VisualStudioVersion = 15.0.27130.2036
MinimumVisualStudioVersion = 10.0.40219.1
Project("{FAE04EC0-301F-11D3-BF4B-00C04F79EFBC}") = "Doorphone", "Doorphone\Doorphone.csproj", "{988D607C-E647-41F9-AA4D-CC6C15A8F1D8}"
EndProject
Global
	GlobalSection(SolutionConfigurationPlatforms) = preSolution
		Debug|Any CPU = Debug|Any CPU
		Release|Any CPU = Release|Any CPU
	EndGlobalSection
	GlobalSection(ProjectConfigurationPlatforms) = postSolution
		{988D607C-E647-41F9-AA4D-CC6C15A8F1D8}.Debug|Any CPU.ActiveCfg = Debug|Any CPU
		{988D607C-E647-41F9-AA4D-CC6C15A8F1D8}.Debug|Any CPU.Build.0 = Debug|Any CPU
		{988D607C-E647-41F9-AA4D-CC6C15A8F1D8}.Release|Any CPU.ActiveCfg = Release|Any CPU
		{988D607C-E647-41F9-AA4D-CC6C15A8F1D8}.Release|Any CPU.Build.0 = Release|Any CPU
	EndGlobalSection
	GlobalSection(SolutionProperties) = preSolution
		HideSolutionNode = FALSE
	EndGlobalSection
	GlobalSection(ExtensibilityGlobals) = postSolution
		SolutionGuid = {6E1250DF-B5FF-4B5C-8193-86683CB0BB6D}
	EndGlobalSection
EndGlobal
